<Solution>
  <Project Path="MachineMonitoring.Application/MachineMonitoring.Application.csproj" />
  <Project Path="MachineMonitoring.Console/MachineMonitoring.Console.csproj" />
  <Project Path="MachineMonitoring.Domain/MachineMonitoring.Domain.csproj" />
  <Project Path="MachineMonitoring.Infrastructure/MachineMonitoring.Infrastructure.csproj" />
</Solution>
